// !$*UTF8*$!
{
	archiveVersion = 1;
	classes = {
	};
	objectVersion = 46;
	objects = {

/* Begin PBXBuildFile section */
		042B3CB81C6D633500CEB69F /* PhotoDetailsViewController.swift in Sources */ = {isa = PBXBuildFile; fileRef = 042B3CB71C6D633500CEB69F /* PhotoDetailsViewController.swift */; };
		044A6C5A1C642B5B00844DA5 /* AppDelegate.swift in Sources */ = {isa = PBXBuildFile; fileRef = 044A6C591C642B5B00844DA5 /* AppDelegate.swift */; };
		044A6C5F1C642B5C00844DA5 /* Main.storyboard in Resources */ = {isa = PBXBuildFile; fileRef = 044A6C5D1C642B5C00844DA5 /* Main.storyboard */; };
		044A6C611C642B5C00844DA5 /* Assets.xcassets in Resources */ = {isa = PBXBuildFile; fileRef = 044A6C601C642B5C00844DA5 /* Assets.xcassets */; };
		044A6C641C642B5C00844DA5 /* LaunchScreen.storyboard in Resources */ = {isa = PBXBuildFile; fileRef = 044A6C621C642B5C00844DA5 /* LaunchScreen.storyboard */; };
		044A6C6C1C6437A500844DA5 /* PhotosViewController.swift in Sources */ = {isa = PBXBuildFile; fileRef = 044A6C6B1C6437A500844DA5 /* PhotosViewController.swift */; };
		044A6C6E1C643AEB00844DA5 /* TableViewCell.swift in Sources */ = {isa = PBXBuildFile; fileRef = 044A6C6D1C643AEB00844DA5 /* TableViewCell.swift */; };
		B4D732A22F61E46306579ADA /* Pods_instagram.framework in Frameworks */ = {isa = PBXBuildFile; fileRef = 27872F78B9FA9FC68BA8B98D /* Pods_instagram.framework */; };
/* End PBXBuildFile section */

/* Begin PBXFileReference section */
		042B3CB71C6D633500CEB69F /* PhotoDetailsViewController.swift */ = {isa = PBXFileReference; fileEncoding = 4; lastKnownFileType = sourcecode.swift; path = PhotoDetailsViewController.swift; sourceTree = "<group>"; };
		044A6C561C642B5B00844DA5 /* instagram.app */ = {isa = PBXFileReference; explicitFileType = wrapper.application; includeInIndex = 0; path = instagram.app; sourceTree = BUILT_PRODUCTS_DIR; };
		044A6C591C642B5B00844DA5 /* AppDelegate.swift */ = {isa = PBXFileReference; lastKnownFileType = sourcecode.swift; path = AppDelegate.swift; sourceTree = "<group>"; };
		044A6C5E1C642B5C00844DA5 /* Base */ = {isa = PBXFileReference; lastKnownFileType = file.storyboard; name = Base; path = Base.lproj/Main.storyboard; sourceTree = "<group>"; };
		044A6C601C642B5C00844DA5 /* Assets.xcassets */ = {isa = PBXFileReference; lastKnownFileType = folder.assetcatalog; path = Assets.xcassets; sourceTree = "<group>"; };
		044A6C631C642B5C00844DA5 /* Base */ = {isa = PBXFileReference; lastKnownFileType = file.storyboard; name = Base; path = Base.lproj/LaunchScreen.storyboard; sourceTree = "<group>"; };
		044A6C651C642B5D00844DA5 /* Info.plist */ = {isa = PBXFileReference; lastKnownFileType = text.plist.xml; path = Info.plist; sourceTree = "<group>"; };
		044A6C6B1C6437A500844DA5 /* PhotosViewController.swift */ = {isa = PBXFileReference; fileEncoding = 4; lastKnownFileType = sourcecode.swift; path = PhotosViewController.swift; sourceTree = "<group>"; };
		044A6C6D1C643AEB00844DA5 /* TableViewCell.swift */ = {isa = PBXFileReference; fileEncoding = 4; lastKnownFileType = sourcecode.swift; path = TableViewCell.swift; sourceTree = "<group>"; };
		27872F78B9FA9FC68BA8B98D /* Pods_instagram.framework */ = {isa = PBXFileReference; explicitFileType = wrapper.framework; includeInIndex = 0; path = Pods_instagram.framework; sourceTree = BUILT_PRODUCTS_DIR; };
		9ACCF8F7DEF923D0F4882D83 /* Pods-instagram.debug.xcconfig */ = {isa = PBXFileReference; includeInIndex = 1; lastKnownFileType = text.xcconfig; name = "Pods-instagram.debug.xcconfig"; path = "Pods/Target Support Files/Pods-instagram/Pods-instagram.debug.xcconfig"; sourceTree = "<group>"; };
		FD2D702BE01D99EB048852A4 /* Pods-instagram.release.xcconfig */ = {isa = PBXFileReference; includeInIndex = 1; lastKnownFileType = text.xcconfig; name = "Pods-instagram.release.xcconfig"; path = "Pods/Target Support Files/Pods-instagram/Pods-instagram.release.xcconfig"; sourceTree = "<group>"; };
/* End PBXFileReference section */

/* Begin PBXFrameworksBuildPhase section */
		044A6C531C642B5B00844DA5 /* Frameworks */ = {
			isa = PBXFrameworksBuildPhase;
			buildActionMask = 2147483647;
			files = (
				B4D732A22F61E46306579ADA /* Pods_instagram.framework in Frameworks */,
			);
			runOnlyForDeploymentPostprocessing = 0;
		};
/* End PBXFrameworksBuildPhase section */

/* Begin PBXGroup section */
		044A6C4D1C642B5A00844DA5 = {
			isa = PBXGroup;
			children = (
				044A6C581C642B5B00844DA5 /* instagram */,
				044A6C571C642B5B00844DA5 /* Products */,
				74C05AF6A4B2E703B2CC216F /* Pods */,
				B781088CC1493028D5DABEEC /* Frameworks */,
			);
			sourceTree = "<group>";
		};
		044A6C571C642B5B00844DA5 /* Products */ = {
			isa = PBXGroup;
			children = (
				044A6C561C642B5B00844DA5 /* instagram.app */,
			);
			name = Products;
			sourceTree = "<group>";
		};
		044A6C581C642B5B00844DA5 /* instagram */ = {
			isa = PBXGroup;
			children = (
				044A6C701C643AFB00844DA5 /* viewController */,
				044A6C6F1C643AF200844DA5 /* cell */,
				044A6C591C642B5B00844DA5 /* AppDelegate.swift */,
				044A6C601C642B5C00844DA5 /* Assets.xcassets */,
				044A6C5D1C642B5C00844DA5 /* Main.storyboard */,
				044A6C621C642B5C00844DA5 /* LaunchScreen.storyboard */,
				044A6C651C642B5D00844DA5 /* Info.plist */,
			);
			path = instagram;
			sourceTree = "<group>";
		};
		044A6C6F1C643AF200844DA5 /* cell */ = {
			isa = PBXGroup;
			children = (
				044A6C6D1C643AEB00844DA5 /* TableViewCell.swift */,
			);
			name = cell;
			sourceTree = "<group>";
		};
		044A6C701C643AFB00844DA5 /* viewController */ = {
			isa = PBXGroup;
			children = (
				042B3CB71C6D633500CEB69F /* PhotoDetailsViewController.swift */,
				044A6C6B1C6437A500844DA5 /* PhotosViewController.swift */,
			);
			name = viewController;
			sourceTree = "<group>";
		};
		74C05AF6A4B2E703B2CC216F /* Pods */ = {
			isa = PBXGroup;
			children = (
				9ACCF8F7DEF923D0F4882D83 /* Pods-instagram.debug.xcconfig */,
				FD2D702BE01D99EB048852A4 /* Pods-instagram.release.xcconfig */,
			);
			name = Pods;
			sourceTree = "<group>";
		};
		B781088CC1493028D5DABEEC /* Frameworks */ = {
			isa = PBXGroup;
			children = (
				27872F78B9FA9FC68BA8B98D /* Pods_instagram.framework */,
			);
			name = Frameworks;
			sourceTree = "<group>";
		};
/* End PBXGroup section */

/* Begin PBXNativeTarget section */
		044A6C551C642B5B00844DA5 /* instagram */ = {
			isa = PBXNativeTarget;
			buildConfigurationList = 044A6C681C642B5D00844DA5 /* Build configuration list for PBXNativeTarget "instagram" */;
			buildPhases = (
				B4D44EAD0FF54A2F350CF674 /* Check Pods Manifest.lock */,
				044A6C521C642B5B00844DA5 /* Sources */,
				044A6C531C642B5B00844DA5 /* Frameworks */,
				044A6C541C642B5B00844DA5 /* Resources */,
				E53F41AEB343DDA85DD83D1A /* Embed Pods Frameworks */,
				22F15B0C3E340CC158FA65EE /* Copy Pods Resources */,
			);
			buildRules = (
			);
			dependencies = (
			);
			name = instagram;
			productName = instagram;
			productReference = 044A6C561C642B5B00844DA5 /* instagram.app */;
			productType = "com.apple.product-type.application";
		};
/* End PBXNativeTarget section */

/* Begin PBXProject section */
		044A6C4E1C642B5A00844DA5 /* Project object */ = {
			isa = PBXProject;
			attributes = {
				LastSwiftUpdateCheck = 0720;
				LastUpgradeCheck = 0720;
				ORGANIZATIONNAME = codepath;
				TargetAttributes = {
					044A6C551C642B5B00844DA5 = {
						CreatedOnToolsVersion = 7.2;
						DevelopmentTeam = A96T35MC7X;
					};
				};
			};
			buildConfigurationList = 044A6C511C642B5A00844DA5 /* Build configuration list for PBXProject "instagram" */;
			compatibilityVersion = "Xcode 3.2";
			developmentRegion = English;
			hasScannedForEncodings = 0;
			knownRegions = (
				en,
				Base,
			);
			mainGroup = 044A6C4D1C642B5A00844DA5;
			productRefGroup = 044A6C571C642B5B00844DA5 /* Products */;
			projectDirPath = "";
			projectRoot = "";
			targets = (
				044A6C551C642B5B00844DA5 /* instagram */,
			);
		};
/* End PBXProject section */

/* Begin PBXResourcesBuildPhase section */
		044A6C541C642B5B00844DA5 /* Resources */ = {
			isa = PBXResourcesBuildPhase;
			buildActionMask = 2147483647;
			files = (
				044A6C641C642B5C00844DA5 /* LaunchScreen.storyboard in Resources */,
				044A6C611C642B5C00844DA5 /* Assets.xcassets in Resources */,
				044A6C5F1C642B5C00844DA5 /* Main.storyboard in Resources */,
			);
			runOnlyForDeploymentPostprocessing = 0;
		};
/* End PBXResourcesBuildPhase section */

/* Begin PBXShellScriptBuildPhase section */
		22F15B0C3E340CC158FA65EE /* Copy Pods Resources */ = {
			isa = PBXShellScriptBuildPhase;
			buildActionMask = 2147483647;
			files = (
			);
			inputPaths = (
			);
			name = "Copy Pods Resources";
			outputPaths = (
			);
			runOnlyForDeploymentPostprocessing = 0;
			shellPath = /bin/sh;
			shellScript = "\"${SRCROOT}/Pods/Target Support Files/Pods-instagram/Pods-instagram-resources.sh\"\n";
			showEnvVarsInLog = 0;
		};
		B4D44EAD0FF54A2F350CF674 /* Check Pods Manifest.lock */ = {
			isa = PBXShellScriptBuildPhase;
			buildActionMask = 2147483647;
			files = (
			);
			inputPaths = (
			);
			name = "Check Pods Manifest.lock";
			outputPaths = (
			);
			runOnlyForDeploymentPostprocessing = 0;
			shellPath = /bin/sh;
			shellScript = "diff \"${PODS_ROOT}/../Podfile.lock\" \"${PODS_ROOT}/Manifest.lock\" > /dev/null\nif [[ $? != 0 ]] ; then\n    cat << EOM\nerror: The sandbox is not in sync with the Podfile.lock. Run 'pod install' or update your CocoaPods installation.\nEOM\n    exit 1\nfi\n";
			showEnvVarsInLog = 0;
		};
		E53F41AEB343DDA85DD83D1A /* Embed Pods Frameworks */ = {
			isa = PBXShellScriptBuildPhase;
			buildActionMask = 2147483647;
			files = (
			);
			inputPaths = (
			);
			name = "Embed Pods Frameworks";
			outputPaths = (
			);
			runOnlyForDeploymentPostprocessing = 0;
			shellPath = /bin/sh;
			shellScript = "\"${SRCROOT}/Pods/Target Support Files/Pods-instagram/Pods-instagram-frameworks.sh\"\n";
			showEnvVarsInLog = 0;
		};
/* End PBXShellScriptBuildPhase section */

/* Begin PBXSourcesBuildPhase section */
		044A6C521C642B5B00844DA5 /* Sources */ = {
			isa = PBXSourcesBuildPhase;
			buildActionMask = 2147483647;
			files = (
				042B3CB81C6D633500CEB69F /* PhotoDetailsViewController.swift in Sources */,
				044A6C6E1C643AEB00844DA5 /* TableViewCell.swift in Sources */,
				044A6C5A1C642B5B00844DA5 /* AppDelegate.swift in Sources */,
				044A6C6C1C6437A500844DA5 /* PhotosViewController.swift in Sources */,
			);
			runOnlyForDeploymentPostprocessing = 0;
		};
/* End PBXSourcesBuildPhase section */

/* Begin PBXVariantGroup section */
		044A6C5D1C642B5C00844DA5 /* Main.storyboard */ = {
			isa = PBXVariantGroup;
			children = (
				044A6C5E1C642B5C00844DA5 /* Base */,
			);
			name = Main.storyboard;
			sourceTree = "<group>";
		};
		044A6C621C642B5C00844DA5 /* LaunchScreen.storyboard */ = {
			isa = PBXVariantGroup;
			children = (
				044A6C631C642B5C00844DA5 /* Base */,
			);
			name = LaunchScreen.storyboard;
			sourceTree = "<group>";
		};
/* End PBXVariantGroup section */

/* Begin XCBuildConfiguration section */
		044A6C661C642B5D00844DA5 /* Debug */ = {
			isa = XCBuildConfiguration;
			buildSettings = {
				ALWAYS_SEARCH_USER_PATHS = NO;
				CLANG_CXX_LANGUAGE_STANDARD = "gnu++0x";
				CLANG_CXX_LIBRARY = "libc++";
				CLANG_ENABLE_MODULES = YES;
				CLANG_ENABLE_OBJC_ARC = YES;
				CLANG_WARN_BOOL_CONVERSION = YES;
				CLANG_WARN_CONSTANT_CONVERSION = YES;
				CLANG_WARN_DIRECT_OBJC_ISA_USAGE = YES_ERROR;
				CLANG_WARN_EMPTY_BODY = YES;
				CLANG_WARN_ENUM_CONVERSION = YES;
				CLANG_WARN_INT_CONVERSION = YES;
				CLANG_WARN_OBJC_ROOT_CLASS = YES_ERROR;
				CLANG_WARN_UNREACHABLE_CODE = YES;
				CLANG_WARN__DUPLICATE_METHOD_MATCH = YES;
				"CODE_SIGN_IDENTITY[sdk=iphoneos*]" = "iPhone Developer";
				COPY_PHASE_STRIP = NO;
				DEBUG_INFORMATION_FORMAT = dwarf;
				ENABLE_STRICT_OBJC_MSGSEND = YES;
				ENABLE_TESTABILITY = YES;
				GCC_C_LANGUAGE_STANDARD = gnu99;
				GCC_DYNAMIC_NO_PIC = NO;
				GCC_NO_COMMON_BLOCKS = YES;
				GCC_OPTIMIZATION_LEVEL = 0;
				GCC_PREPROCESSOR_DEFINITIONS = (
					"DEBUG=1",
					"$(inherited)",
				);
				GCC_WARN_64_TO_32_BIT_CONVERSION = YES;
				GCC_WARN_ABOUT_RETURN_TYPE = YES_ERROR;
				GCC_WARN_UNDECLARED_SELECTOR = YES;
				GCC_WARN_UNINITIALIZED_AUTOS = YES_AGGRESSIVE;
				GCC_WARN_UNUSED_FUNCTION = YES;
				GCC_WARN_UNUSED_VARIABLE = YES;
				IPHONEOS_DEPLOYMENT_TARGET = 9.2;
				MTL_ENABLE_DEBUG_INFO = YES;
				ONLY_ACTIVE_ARCH = YES;
				SDKROOT = iphoneos;
				SWIFT_OPTIMIZATION_LEVEL = "-Onone";
			};
			name = Debug;
		};
		044A6C671C642B5D00844DA5 /* Release */ = {
			isa = XCBuildConfiguration;
			buildSettings = {
				ALWAYS_SEARCH_USER_PATHS = NO;
				CLANG_CXX_LANGUAGE_STANDARD = "gnu++0x";
				CLANG_CXX_LIBRARY = "libc++";
				CLANG_ENABLE_MODULES = YES;
				CLANG_ENABLE_OBJC_ARC = YES;
				CLANG_WARN_BOOL_CONVERSION = YES;
				CLANG_WARN_CONSTANT_CONVERSION = YES;
				CLANG_WARN_DIRECT_OBJC_ISA_USAGE = YES_ERROR;
				CLANG_WARN_EMPTY_BODY = YES;
				CLANG_WARN_ENUM_CONVERSION = YES;
				CLANG_WARN_INT_CONVERSION = YES;
				CLANG_WARN_OBJC_ROOT_CLASS = YES_ERROR;
				CLANG_WARN_UNREACHABLE_CODE = YES;
				CLANG_WARN__DUPLICATE_METHOD_MATCH = YES;
				"CODE_SIGN_IDENTITY[sdk=iphoneos*]" = "iPhone Developer";
				COPY_PHASE_STRIP = NO;
				DEBUG_INFORMATION_FORMAT = "dwarf-with-dsym";
				ENABLE_NS_ASSERTIONS = NO;
				ENABLE_STRICT_OBJC_MSGSEND = YES;
				GCC_C_LANGUAGE_STANDARD = gnu99;
				GCC_NO_COMMON_BLOCKS = YES;
				GCC_WARN_64_TO_32_BIT_CONVERSION = YES;
				GCC_WARN_ABOUT_RETURN_TYPE = YES_ERROR;
				GCC_WARN_UNDECLARED_SELECTOR = YES;
				GCC_WARN_UNINITIALIZED_AUTOS = YES_AGGRESSIVE;
				GCC_WARN_UNUSED_FUNCTION = YES;
				GCC_WARN_UNUSED_VARIABLE = YES;
				IPHONEOS_DEPLOYMENT_TARGET = 9.2;
				MTL_ENABLE_DEBUG_INFO = NO;
				SDKROOT = iphoneos;
				VALIDATE_PRODUCT = YES;
			};
			name = Release;
		};
		044A6C691C642B5D00844DA5 /* Debug */ = {
			isa = XCBuildConfiguration;
			baseConfigurationReference = 9ACCF8F7DEF923D0F4882D83 /* Pods-instagram.debug.xcconfig */;
			buildSettings = {
				ASSETCATALOG_COMPILER_APPICON_NAME = AppIcon;
				INFOPLIST_FILE = instagram/Info.plist;
				LD_RUNPATH_SEARCH_PATHS = "$(inherited) @executable_path/Frameworks";
				PRODUCT_BUNDLE_IDENTIFIER = com.codepath.instagram;
				PRODUCT_NAME = "$(TARGET_NAME)";
			};
			name = Debug;
		};
		044A6C6A1C642B5D00844DA5 /* Release */ = {
			isa = XCBuildConfiguration;
			baseConfigurationReference = FD2D702BE01D99EB048852A4 /* Pods-instagram.release.xcconfig */;
			buildSettings = {
				ASSETCATALOG_COMPILER_APPICON_NAME = AppIcon;
				INFOPLIST_FILE = instagram/Info.plist;
				LD_RUNPATH_SEARCH_PATHS = "$(inherited) @executable_path/Frameworks";
				PRODUCT_BUNDLE_IDENTIFIER = com.codepath.instagram;
				PRODUCT_NAME = "$(TARGET_NAME)";
			};
			name = Release;
		};
/* End XCBuildConfiguration section */

/* Begin XCConfigurationList section */
		044A6C511C642B5A00844DA5 /* Build configuration list for PBXProject "instagram" */ = {
			isa = XCConfigurationList;
			buildConfigurations = (
				044A6C661C642B5D00844DA5 /* Debug */,
				044A6C671C642B5D00844DA5 /* Release */,
			);
			defaultConfigurationIsVisible = 0;
			defaultConfigurationName = Release;
		};
		044A6C681C642B5D00844DA5 /* Build configuration list for PBXNativeTarget "instagram" */ = {
			isa = XCConfigurationList;
			buildConfigurations = (
				044A6C691C642B5D00844DA5 /* Debug */,
				044A6C6A1C642B5D00844DA5 /* Release */,
			);
			defaultConfigurationIsVisible = 0;
			defaultConfigurationName = Release;
		};
/* End XCConfigurationList section */
	};
	rootObject = 044A6C4E1C642B5A00844DA5 /* Project object */;
}
